
Microsoft Visual Studio Solution File, Format Version 12.00
# Visual Studio Version 17
VisualStudioVersion = 17.0.31903.59
MinimumVisualStudioVersion = 10.0.40219.1
Project("{FAE04EC0-301F-11D3-BF4B-00C04F79EFBC}") = "CA_List", "CA_List\CA_List.csproj", "{B2A2E536-80AA-48A0-A476-51F30D682916}"
EndProject
Project("{FAE04EC0-301F-11D3-BF4B-00C04F79EFBC}") = "CA_LinkedList", "CA_LinkedList\CA_LinkedList.csproj", "{99B933BA-5F15-4C16-865E-B114661C7B11}"
EndProject
Project("{FAE04EC0-301F-11D3-BF4B-00C04F79EFBC}") = "CA_Stack", "CA_Stack\CA_Stack.csproj", "{4CDEFDE7-06A0-44C4-B362-0F7050778B74}"
EndProject
Project("{FAE04EC0-301F-11D3-BF4B-00C04F79EFBC}") = "CA_Queue", "CA_Queue\CA_Queue.csproj", "{A50C6913-E9DC-4530-9DB9-2D26F0645C5D}"
EndProject
Global
	GlobalSection(SolutionConfigurationPlatforms) = preSolution
		Debug|Any CPU = Debug|Any CPU
		Debug|x64 = Debug|x64
		Debug|x86 = Debug|x86
		Release|Any CPU = Release|Any CPU
		Release|x64 = Release|x64
		Release|x86 = Release|x86
	EndGlobalSection
	GlobalSection(ProjectConfigurationPlatforms) = postSolution
		{B2A2E536-80AA-48A0-A476-51F30D682916}.Debug|Any CPU.ActiveCfg = Debug|Any CPU
		{B2A2E536-80AA-48A0-A476-51F30D682916}.Debug|Any CPU.Build.0 = Debug|Any CPU
		{B2A2E536-80AA-48A0-A476-51F30D682916}.Debug|x64.ActiveCfg = Debug|Any CPU
		{B2A2E536-80AA-48A0-A476-51F30D682916}.Debug|x64.Build.0 = Debug|Any CPU
		{B2A2E536-80AA-48A0-A476-51F30D682916}.Debug|x86.ActiveCfg = Debug|Any CPU
		{B2A2E536-80AA-48A0-A476-51F30D682916}.Debug|x86.Build.0 = Debug|Any CPU
		{B2A2E536-80AA-48A0-A476-51F30D682916}.Release|Any CPU.ActiveCfg = Release|Any CPU
		{B2A2E536-80AA-48A0-A476-51F30D682916}.Release|Any CPU.Build.0 = Release|Any CPU
		{B2A2E536-80AA-48A0-A476-51F30D682916}.Release|x64.ActiveCfg = Release|Any CPU
		{B2A2E536-80AA-48A0-A476-51F30D682916}.Release|x64.Build.0 = Release|Any CPU
		{B2A2E536-80AA-48A0-A476-51F30D682916}.Release|x86.ActiveCfg = Release|Any CPU
		{B2A2E536-80AA-48A0-A476-51F30D682916}.Release|x86.Build.0 = Release|Any CPU
		{99B933BA-5F15-4C16-865E-B114661C7B11}.Debug|Any CPU.ActiveCfg = Debug|Any CPU
		{99B933BA-5F15-4C16-865E-B114661C7B11}.Debug|Any CPU.Build.0 = Debug|Any CPU
		{99B933BA-5F15-4C16-865E-B114661C7B11}.Debug|x64.ActiveCfg = Debug|Any CPU
		{99B933BA-5F15-4C16-865E-B114661C7B11}.Debug|x64.Build.0 = Debug|Any CPU
		{99B933BA-5F15-4C16-865E-B114661C7B11}.Debug|x86.ActiveCfg = Debug|Any CPU
		{99B933BA-5F15-4C16-865E-B114661C7B11}.Debug|x86.Build.0 = Debug|Any CPU
		{99B933BA-5F15-4C16-865E-B114661C7B11}.Release|Any CPU.ActiveCfg = Release|Any CPU
		{99B933BA-5F15-4C16-865E-B114661C7B11}.Release|Any CPU.Build.0 = Release|Any CPU
		{99B933BA-5F15-4C16-865E-B114661C7B11}.Release|x64.ActiveCfg = Release|Any CPU
		{99B933BA-5F15-4C16-865E-B114661C7B11}.Release|x64.Build.0 = Release|Any CPU
		{99B933BA-5F15-4C16-865E-B114661C7B11}.Release|x86.ActiveCfg = Release|Any CPU
		{99B933BA-5F15-4C16-865E-B114661C7B11}.Release|x86.Build.0 = Release|Any CPU
		{4CDEFDE7-06A0-44C4-B362-0F7050778B74}.Debug|Any CPU.ActiveCfg = Debug|Any CPU
		{4CDEFDE7-06A0-44C4-B362-0F7050778B74}.Debug|Any CPU.Build.0 = Debug|Any CPU
		{4CDEFDE7-06A0-44C4-B362-0F7050778B74}.Debug|x64.ActiveCfg = Debug|Any CPU
		{4CDEFDE7-06A0-44C4-B362-0F7050778B74}.Debug|x64.Build.0 = Debug|Any CPU
		{4CDEFDE7-06A0-44C4-B362-0F7050778B74}.Debug|x86.ActiveCfg = Debug|Any CPU
		{4CDEFDE7-06A0-44C4-B362-0F7050778B74}.Debug|x86.Build.0 = Debug|Any CPU
		{4CDEFDE7-06A0-44C4-B362-0F7050778B74}.Release|Any CPU.ActiveCfg = Release|Any CPU
		{4CDEFDE7-06A0-44C4-B362-0F7050778B74}.Release|Any CPU.Build.0 = Release|Any CPU
		{4CDEFDE7-06A0-44C4-B362-0F7050778B74}.Release|x64.ActiveCfg = Release|Any CPU
		{4CDEFDE7-06A0-44C4-B362-0F7050778B74}.Release|x64.Build.0 = Release|Any CPU
		{4CDEFDE7-06A0-44C4-B362-0F7050778B74}.Release|x86.ActiveCfg = Release|Any CPU
		{4CDEFDE7-06A0-44C4-B362-0F7050778B74}.Release|x86.Build.0 = Release|Any CPU
		{A50C6913-E9DC-4530-9DB9-2D26F0645C5D}.Debug|Any CPU.ActiveCfg = Debug|Any CPU
		{A50C6913-E9DC-4530-9DB9-2D26F0645C5D}.Debug|Any CPU.Build.0 = Debug|Any CPU
		{A50C6913-E9DC-4530-9DB9-2D26F0645C5D}.Debug|x64.ActiveCfg = Debug|Any CPU
		{A50C6913-E9DC-4530-9DB9-2D26F0645C5D}.Debug|x64.Build.0 = Debug|Any CPU
		{A50C6913-E9DC-4530-9DB9-2D26F0645C5D}.Debug|x86.ActiveCfg = Debug|Any CPU
		{A50C6913-E9DC-4530-9DB9-2D26F0645C5D}.Debug|x86.Build.0 = Debug|Any CPU
		{A50C6913-E9DC-4530-9DB9-2D26F0645C5D}.Release|Any CPU.ActiveCfg = Release|Any CPU
		{A50C6913-E9DC-4530-9DB9-2D26F0645C5D}.Release|Any CPU.Build.0 = Release|Any CPU
		{A50C6913-E9DC-4530-9DB9-2D26F0645C5D}.Release|x64.ActiveCfg = Release|Any CPU
		{A50C6913-E9DC-4530-9DB9-2D26F0645C5D}.Release|x64.Build.0 = Release|Any CPU
		{A50C6913-E9DC-4530-9DB9-2D26F0645C5D}.Release|x86.ActiveCfg = Release|Any CPU
		{A50C6913-E9DC-4530-9DB9-2D26F0645C5D}.Release|x86.Build.0 = Release|Any CPU
	EndGlobalSection
	GlobalSection(SolutionProperties) = preSolution
		HideSolutionNode = FALSE
	EndGlobalSection
EndGlobal
